Microsoft Visual Studio Solution File, Format Version 12.00
# Visual Studio Version 17
VisualStudioVersion = 17.5.2.0
MinimumVisualStudioVersion = 10.0.40219.1
Project("{FAE04EC0-301F-11D3-BF4B-00C04F79EFBC}") = "lambdaDelegatesLinq", "lambdaDelegatesLinq.csproj", "{FA358A78-10FC-3471-96AB-41B3CCE98E17}"
EndProject
Global
	GlobalSection(SolutionConfigurationPlatforms) = preSolution
		Debug|Any CPU = Debug|Any CPU
		Release|Any CPU = Release|Any CPU
	EndGlobalSection
	GlobalSection(ProjectConfigurationPlatforms) = postSolution
		{FA358A78-10FC-3471-96AB-41B3CCE98E17}.Debug|Any CPU.ActiveCfg = Debug|Any CPU
		{FA358A78-10FC-3471-96AB-41B3CCE98E17}.Debug|Any CPU.Build.0 = Debug|Any CPU
		{FA358A78-10FC-3471-96AB-41B3CCE98E17}.Release|Any CPU.ActiveCfg = Release|Any CPU
		{FA358A78-10FC-3471-96AB-41B3CCE98E17}.Release|Any CPU.Build.0 = Release|Any CPU
	EndGlobalSection
	GlobalSection(SolutionProperties) = preSolution
		HideSolutionNode = FALSE
	EndGlobalSection
	GlobalSection(ExtensibilityGlobals) = postSolution
		SolutionGuid = {B5FCB250-2686-440B-8F16-B12557574CCC}
	EndGlobalSection
EndGlobal
