Microsoft Visual Studio Solution File, Format Version 12.00
# Visual Studio Version 17
VisualStudioVersion = 17.5.2.0
MinimumVisualStudioVersion = 10.0.40219.1
Project("{FAE04EC0-301F-11D3-BF4B-00C04F79EFBC}") = "PostSystem", "PostSystem.csproj", "{E7A78A7A-6AEB-092E-711E-8E0137367DF5}"
EndProject
Global
	GlobalSection(SolutionConfigurationPlatforms) = preSolution
		Debug|Any CPU = Debug|Any CPU
		Release|Any CPU = Release|Any CPU
	EndGlobalSection
	GlobalSection(ProjectConfigurationPlatforms) = postSolution
		{E7A78A7A-6AEB-092E-711E-8E0137367DF5}.Debug|Any CPU.ActiveCfg = Debug|Any CPU
		{E7A78A7A-6AEB-092E-711E-8E0137367DF5}.Debug|Any CPU.Build.0 = Debug|Any CPU
		{E7A78A7A-6AEB-092E-711E-8E0137367DF5}.Release|Any CPU.ActiveCfg = Release|Any CPU
		{E7A78A7A-6AEB-092E-711E-8E0137367DF5}.Release|Any CPU.Build.0 = Release|Any CPU
	EndGlobalSection
	GlobalSection(SolutionProperties) = preSolution
		HideSolutionNode = FALSE
	EndGlobalSection
	GlobalSection(ExtensibilityGlobals) = postSolution
		SolutionGuid = {077A0FDB-EB26-45BA-8619-236F0265EE12}
	EndGlobalSection
EndGlobal
